
Microsoft Visual Studio Solution File, Format Version 12.00
# Visual Studio 15
VisualStudioVersion = 15.0.27004.2006
MinimumVisualStudioVersion = 10.0.40219.1
Project("{FAE04EC0-301F-11D3-BF4B-00C04F79EFBC}") = "Vidly", "Vidly\Vidly.csproj", "{6BB94D86-4E7D-410F-85BE-0E12AEB11A5D}"
EndProject
Global
	GlobalSection(SolutionConfigurationPlatforms) = preSolution
		Debug|Any CPU = Debug|Any CPU
		Release|Any CPU = Release|Any CPU
	EndGlobalSection
	GlobalSection(ProjectConfigurationPlatforms) = postSolution
		{6BB94D86-4E7D-410F-85BE-0E12AEB11A5D}.Debug|Any CPU.ActiveCfg = Debug|Any CPU
		{6BB94D86-4E7D-410F-85BE-0E12AEB11A5D}.Debug|Any CPU.Build.0 = Debug|Any CPU
		{6BB94D86-4E7D-410F-85BE-0E12AEB11A5D}.Release|Any CPU.ActiveCfg = Release|Any CPU
		{6BB94D86-4E7D-410F-85BE-0E12AEB11A5D}.Release|Any CPU.Build.0 = Release|Any CPU
	EndGlobalSection
	GlobalSection(SolutionProperties) = preSolution
		HideSolutionNode = FALSE
	EndGlobalSection
	GlobalSection(ExtensibilityGlobals) = postSolution
		SolutionGuid = {DB827A15-90EF-4A55-BEBC-7E09EA1933B8}
	EndGlobalSection
EndGlobal
